PODS:
  - Alamofire (4.9.1)
  - LightRoute (2.1.19)
  - Swinject (2.7.1)
  - SwinjectAutoregistration (2.7.0):
    - Swinject (~> 2.7)
  - SwinjectStoryboard (2.2.0):
    - Swinject (~> 2.6)

DEPENDENCIES:
  - Alamofire
  - LightRoute
  - Swinject
  - SwinjectAutoregistration
  - SwinjectStoryboard

SPEC REPOS:
  trunk:
    - Alamofire
    - LightRoute
    - Swinject
    - SwinjectAutoregistration
    - SwinjectStoryboard

SPEC CHECKSUMS:
  Alamofire: 85e8a02c69d6020a0d734f6054870d7ecb75cf18
  LightRoute: a61a8167568ea238e62780c2172d9a9193a4b482
  Swinject: ddf78b8486dd9b71a667b852cad919ab4484478e
  SwinjectAutoregistration: 330f5012642a8b5c89a8a4adb0c5e52df07382c0
  SwinjectStoryboard: 32512ef16c2b0ff5b8f823b23539c4a50f6d3383

PODFILE CHECKSUM: 4d40eea66c3a13d366c433b020df935c5a42f110

COCOAPODS: 1.8.4
